<?xml version="1.0" encoding="utf-8"?>
<Project ToolsVersion="4.0" xmlns="http://schemas.microsoft.com/developer/msbuild/2003">
  <ItemGroup>
    <Filter Include="Pliki źródłowe">
      <UniqueIdentifier>{4FC737F1-C7A5-4376-A066-2A32D752A2FF}</UniqueIdentifier>
      <Extensions>cpp;c;cc;cxx;c++;cppm;ixx;def;odl;idl;hpj;bat;asm;asmx</Extensions>
    </Filter>
    <Filter Include="Pliki nagłówkowe">
      <UniqueIdentifier>{93995380-89BD-4b04-88EB-625FBE52EBFB}</UniqueIdentifier>
      <Extensions>h;hh;hpp;hxx;h++;hm;inl;inc;ipp;xsd</Extensions>
    </Filter>
    <Filter Include="Pliki zasobów">
      <UniqueIdentifier>{67DA6AB6-F800-4c08-8B7A-83BB121AAD01}</UniqueIdentifier>
      <Extensions>rc;ico;cur;bmp;dlg;rc2;rct;bin;rgs;gif;jpg;jpeg;jpe;resx;tiff;tif;png;wav;mfcribbon-ms</Extensions>
    </Filter>
    <Filter Include="Pliki źródłowe\Model">
      <UniqueIdentifier>{3d469e85-9cbc-45f6-9a69-64f2d4e3c7db}</UniqueIdentifier>
    </Filter>
    <Filter Include="Pliki źródłowe\Widok">
      <UniqueIdentifier>{39c0dba5-d91d-488c-ab32-f747cd8c9506}</UniqueIdentifier>
    </Filter>
    <Filter Include="Pliki nagłówkowe\Model">
      <UniqueIdentifier>{175ee78e-adc5-41b1-8cce-3c90c430ed74}</UniqueIdentifier>
    </Filter>
    <Filter Include="Pliki nagłówkowe\Repozytorium">
      <UniqueIdentifier>{de7e34fb-4106-4fea-9d31-2d646cbcc832}</UniqueIdentifier>
    </Filter>
    <Filter Include="Pliki źródłowe\Repozytorium">
      <UniqueIdentifier>{e4bc113c-1652-43a8-b612-78eaff033f8b}</UniqueIdentifier>
    </Filter>
  </ItemGroup>
  <ItemGroup>
    <ClCompile Include="Adres.cpp">
      <Filter>Pliki źródłowe\Model</Filter>
    </ClCompile>
    <ClCompile Include="Uzytkownik.cpp">
      <Filter>Pliki źródłowe\Model</Filter>
    </ClCompile>
    <ClCompile Include="Produkt.cpp">
      <Filter>Pliki źródłowe\Model</Filter>
    </ClCompile>
    <ClCompile Include="Zamowienie.cpp">
      <Filter>Pliki źródłowe\Model</Filter>
    </ClCompile>
    <ClCompile Include="dashboardUzytkownika.cpp">
      <Filter>Pliki źródłowe\Widok</Filter>
    </ClCompile>
    <ClCompile Include="form.cpp">
      <Filter>Pliki źródłowe\Widok</Filter>
    </ClCompile>
    <ClCompile Include="kontakt.cpp">
      <Filter>Pliki źródłowe\Widok</Filter>
    </ClCompile>
    <ClCompile Include="panelAdministratora.cpp">
      <Filter>Pliki źródłowe\Widok</Filter>
    </ClCompile>
    <ClCompile Include="panelUzytkownika.cpp">
      <Filter>Pliki źródłowe\Widok</Filter>
    </ClCompile>
    <ClCompile Include="produktyPanel.cpp">
      <Filter>Pliki źródłowe\Widok</Filter>
    </ClCompile>
    <ClCompile Include="rejestracja.cpp">
      <Filter>Pliki źródłowe\Widok</Filter>
    </ClCompile>
    <ClCompile Include="ustawienia.cpp">
      <Filter>Pliki źródłowe\Widok</Filter>
    </ClCompile>
    <ClCompile Include="zamowieniaPanel.cpp">
      <Filter>Pliki źródłowe\Widok</Filter>
    </ClCompile>
    <ClCompile Include="potwierdzenieZamowienia.cpp">
      <Filter>Pliki źródłowe\Widok</Filter>
    </ClCompile>
    <ClCompile Include="produktOkienko.cpp">
      <Filter>Pliki źródłowe\Widok</Filter>
    </ClCompile>
    <ClCompile Include="zamowienieOkienko.cpp">
      <Filter>Pliki źródłowe\Widok</Filter>
    </ClCompile>
    <ClCompile Include="uzytkownicyPanel.cpp">
      <Filter>Pliki źródłowe</Filter>
    </ClCompile>
    <ClCompile Include="uzytkownikOkienko.cpp">
      <Filter>Pliki źródłowe</Filter>
    </ClCompile>
    <ClCompile Include="Tablet.cpp">
      <Filter>Pliki źródłowe\Model</Filter>
    </ClCompile>
    <ClCompile Include="Laptop.cpp">
      <Filter>Pliki źródłowe\Model</Filter>
    </ClCompile>
    <ClCompile Include="Telefon.cpp">
      <Filter>Pliki źródłowe\Model</Filter>
    </ClCompile>
    <ClCompile Include="Akcesorie.cpp">
      <Filter>Pliki źródłowe\Model</Filter>
    </ClCompile>
    <ClCompile Include="SerializatorProdukty.cpp">
      <Filter>Pliki źródłowe\Repozytorium</Filter>
    </ClCompile>
    <ClCompile Include="SerializatorUzytkownicy.cpp">
      <Filter>Pliki źródłowe\Repozytorium</Filter>
    </ClCompile>
    <ClCompile Include="SerializatorZamowienia.cpp">
      <Filter>Pliki źródłowe\Repozytorium</Filter>
    </ClCompile>
  </ItemGroup>
  <ItemGroup>
    <ClInclude Include="form.h">
      <Filter>Pliki źródłowe</Filter>
    </ClInclude>
    <ClInclude Include="rejestracja.h">
      <Filter>Pliki źródłowe</Filter>
    </ClInclude>
    <ClInclude Include="panelUzytkownika.h">
      <Filter>Pliki źródłowe</Filter>
    </ClInclude>
    <ClInclude Include="panelAdministratora.h">
      <Filter>Pliki źródłowe</Filter>
    </ClInclude>
    <ClInclude Include="dashboardUzytkownika.h">
      <Filter>Pliki źródłowe</Filter>
    </ClInclude>
    <ClInclude Include="produktyPanel.h">
      <Filter>Pliki źródłowe</Filter>
    </ClInclude>
    <ClInclude Include="zamowieniaPanel.h">
      <Filter>Pliki źródłowe</Filter>
    </ClInclude>
    <ClInclude Include="kontakt.h">
      <Filter>Pliki źródłowe</Filter>
    </ClInclude>
    <ClInclude Include="ustawienia.h">
      <Filter>Pliki źródłowe</Filter>
    </ClInclude>
    <ClInclude Include="Adres.h">
      <Filter>Pliki nagłówkowe\Model</Filter>
    </ClInclude>
    <ClInclude Include="Produkt.h">
      <Filter>Pliki nagłówkowe\Model</Filter>
    </ClInclude>
    <ClInclude Include="Uzytkownik.h">
      <Filter>Pliki nagłówkowe\Model</Filter>
    </ClInclude>
    <ClInclude Include="Zamowienie.h">
      <Filter>Pliki nagłówkowe\Model</Filter>
    </ClInclude>
    <ClInclude Include="produktOkienko.h">
      <Filter>Pliki źródłowe</Filter>
    </ClInclude>
    <ClInclude Include="json.hpp">
      <Filter>Pliki źródłowe</Filter>
    </ClInclude>
    <ClInclude Include="zamowienieOkienko.h">
      <Filter>Pliki źródłowe</Filter>
    </ClInclude>
    <ClInclude Include="potwierdzenieZamowienia.h">
      <Filter>Pliki źródłowe</Filter>
    </ClInclude>
    <ClInclude Include="Telefon.h">
      <Filter>Pliki nagłówkowe\Model</Filter>
    </ClInclude>
    <ClInclude Include="Tablet.h">
      <Filter>Pliki nagłówkowe\Model</Filter>
    </ClInclude>
    <ClInclude Include="Laptop.h">
      <Filter>Pliki nagłówkowe\Model</Filter>
    </ClInclude>
    <ClInclude Include="Akcesorie.h">
      <Filter>Pliki nagłówkowe\Model</Filter>
    </ClInclude>
    <ClInclude Include="uzytkownicyPanel.h">
      <Filter>Pliki źródłowe</Filter>
    </ClInclude>
    <ClInclude Include="uzytkownikOkienko.h">
      <Filter>Pliki źródłowe</Filter>
    </ClInclude>
    <ClInclude Include="SerializatorZamowienia.h">
      <Filter>Pliki nagłówkowe\Repozytorium</Filter>
    </ClInclude>
    <ClInclude Include="SerializatorProdukty.h">
      <Filter>Pliki nagłówkowe\Repozytorium</Filter>
    </ClInclude>
    <ClInclude Include="SerializatorUzytkownicy.h">
      <Filter>Pliki nagłówkowe\Repozytorium</Filter>
    </ClInclude>
  </ItemGroup>
</Project>